Microsoft Visual Studio Solution File, Format Version 12.00
# Visual Studio Version 17
VisualStudioVersion = 17.5.2.0
MinimumVisualStudioVersion = 10.0.40219.1
Project("{FAE04EC0-301F-11D3-BF4B-00C04F79EFBC}") = "WhatsFirst", "WhatsFirst.csproj", "{5408E13C-4BC1-7DF1-5B98-C3C2AB0FBCDE}"
EndProject
Global
	GlobalSection(SolutionConfigurationPlatforms) = preSolution
		Debug|Any CPU = Debug|Any CPU
		Release|Any CPU = Release|Any CPU
	EndGlobalSection
	GlobalSection(ProjectConfigurationPlatforms) = postSolution
		{5408E13C-4BC1-7DF1-5B98-C3C2AB0FBCDE}.Debug|Any CPU.ActiveCfg = Debug|Any CPU
		{5408E13C-4BC1-7DF1-5B98-C3C2AB0FBCDE}.Debug|Any CPU.Build.0 = Debug|Any CPU
		{5408E13C-4BC1-7DF1-5B98-C3C2AB0FBCDE}.Release|Any CPU.ActiveCfg = Release|Any CPU
		{5408E13C-4BC1-7DF1-5B98-C3C2AB0FBCDE}.Release|Any CPU.Build.0 = Release|Any CPU
	EndGlobalSection
	GlobalSection(SolutionProperties) = preSolution
		HideSolutionNode = FALSE
	EndGlobalSection
	GlobalSection(ExtensibilityGlobals) = postSolution
		SolutionGuid = {FB64B640-3D76-476F-A1EC-D3258BF04AF4}
	EndGlobalSection
EndGlobal
